
Microsoft Visual Studio Solution File, Format Version 12.00
# Visual Studio Version 16
VisualStudioVersion = 16.0.30804.86
MinimumVisualStudioVersion = 10.0.40219.1
Project("{9A19103F-16F7-4668-BE54-9A1E7A4F7556}") = "OpenFrafsuallyDesktop.Wpf", "OpenFrafsuallyDesktop.Wpf\OpenFrafsuallyDesktop.Wpf.csproj", "{6354CF79-819C-4375-A00B-281A93668E31}"
EndProject
Project("{9A19103F-16F7-4668-BE54-9A1E7A4F7556}") = "OpenFrafsuallyDesktop.Avalonia", "..\AvaloniaApp\OpenFrafsuallyDesktop.Avalonia\OpenFrafsuallyDesktop.Avalonia.csproj", "{F761AEC9-7537-4F26-A58A-4EB1627BBD5C}"
EndProject
Global
	GlobalSection(SolutionConfigurationPlatforms) = preSolution
		Debug|Any CPU = Debug|Any CPU
		Release|Any CPU = Release|Any CPU
	EndGlobalSection
	GlobalSection(ProjectConfigurationPlatforms) = postSolution
		{6354CF79-819C-4375-A00B-281A93668E31}.Debug|Any CPU.ActiveCfg = Debug|Any CPU
		{6354CF79-819C-4375-A00B-281A93668E31}.Debug|Any CPU.Build.0 = Debug|Any CPU
		{6354CF79-819C-4375-A00B-281A93668E31}.Release|Any CPU.ActiveCfg = Release|Any CPU
		{6354CF79-819C-4375-A00B-281A93668E31}.Release|Any CPU.Build.0 = Release|Any CPU
		{F761AEC9-7537-4F26-A58A-4EB1627BBD5C}.Debug|Any CPU.ActiveCfg = Debug|Any CPU
		{F761AEC9-7537-4F26-A58A-4EB1627BBD5C}.Debug|Any CPU.Build.0 = Debug|Any CPU
		{F761AEC9-7537-4F26-A58A-4EB1627BBD5C}.Release|Any CPU.ActiveCfg = Release|Any CPU
		{F761AEC9-7537-4F26-A58A-4EB1627BBD5C}.Release|Any CPU.Build.0 = Release|Any CPU
	EndGlobalSection
	GlobalSection(SolutionProperties) = preSolution
		HideSolutionNode = FALSE
	EndGlobalSection
	GlobalSection(ExtensibilityGlobals) = postSolution
		SolutionGuid = {50FE0613-0313-4341-B6C7-3A63428A3809}
	EndGlobalSection
EndGlobal
